// !$*UTF8*$!
{
	archiveVersion = 1;
	classes = {
	};
	objectVersion = 50;
	objects = {

/* Begin PBXBuildFile section */
		1166FB94276FA72B009B8266 /* UIntxUtils.c in Sources */ = {isa = PBXBuildFile; fileRef = 1166FB93276FA72B009B8266 /* UIntxUtils.c */; };
		11A84322276E8FA90008E099 /* main.swift in Sources */ = {isa = PBXBuildFile; fileRef = 11A84321276E8FA90008E099 /* main.swift */; };
		11A8432A276E8FBA0008E099 /* UIntx.swift in Sources */ = {isa = PBXBuildFile; fileRef = 11A84329276E8FBA0008E099 /* UIntx.swift */; };
		11B4C921276FE2AC003C4AF5 /* UIntxTest.swift in Sources */ = {isa = PBXBuildFile; fileRef = 11B4C920276FE2AC003C4AF5 /* UIntxTest.swift */; };
		11B4C925276FE73E003C4AF5 /* UIntx.swift in Sources */ = {isa = PBXBuildFile; fileRef = 11A84329276E8FBA0008E099 /* UIntx.swift */; };
		11B4C928276FE780003C4AF5 /* UIntxUtils.c in Sources */ = {isa = PBXBuildFile; fileRef = 1166FB93276FA72B009B8266 /* UIntxUtils.c */; };
/* End PBXBuildFile section */

/* Begin PBXCopyFilesBuildPhase section */
		11A8431C276E8FA90008E099 /* CopyFiles */ = {
			isa = PBXCopyFilesBuildPhase;
			buildActionMask = 2147483647;
			dstPath = /usr/share/man/man1/;
			dstSubfolderSpec = 0;
			files = (
			);
			runOnlyForDeploymentPostprocessing = 1;
		};
/* End PBXCopyFilesBuildPhase section */

/* Begin PBXFileReference section */
		1166FB91276FA72A009B8266 /* icried-Bridging-Header.h */ = {isa = PBXFileReference; lastKnownFileType = sourcecode.c.h; path = "icried-Bridging-Header.h"; sourceTree = "<group>"; };
		1166FB92276FA72B009B8266 /* UIntxUtils.h */ = {isa = PBXFileReference; lastKnownFileType = sourcecode.c.h; path = UIntxUtils.h; sourceTree = "<group>"; };
		1166FB93276FA72B009B8266 /* UIntxUtils.c */ = {isa = PBXFileReference; lastKnownFileType = sourcecode.c.c; path = UIntxUtils.c; sourceTree = "<group>"; };
		11A8431E276E8FA90008E099 /* icried */ = {isa = PBXFileReference; explicitFileType = "compiled.mach-o.executable"; includeInIndex = 0; path = icried; sourceTree = BUILT_PRODUCTS_DIR; };
		11A84321276E8FA90008E099 /* main.swift */ = {isa = PBXFileReference; lastKnownFileType = sourcecode.swift; path = main.swift; sourceTree = "<group>"; };
		11A84329276E8FBA0008E099 /* UIntx.swift */ = {isa = PBXFileReference; lastKnownFileType = sourcecode.swift; path = UIntx.swift; sourceTree = "<group>"; };
		11B4C91E276FE2AC003C4AF5 /* icriedTest.xctest */ = {isa = PBXFileReference; explicitFileType = wrapper.cfbundle; includeInIndex = 0; path = icriedTest.xctest; sourceTree = BUILT_PRODUCTS_DIR; };
		11B4C920276FE2AC003C4AF5 /* UIntxTest.swift */ = {isa = PBXFileReference; lastKnownFileType = sourcecode.swift; path = UIntxTest.swift; sourceTree = "<group>"; };
/* End PBXFileReference section */

/* Begin PBXFrameworksBuildPhase section */
		11A8431B276E8FA90008E099 /* Frameworks */ = {
			isa = PBXFrameworksBuildPhase;
			buildActionMask = 2147483647;
			files = (
			);
			runOnlyForDeploymentPostprocessing = 0;
		};
		11B4C91B276FE2AC003C4AF5 /* Frameworks */ = {
			isa = PBXFrameworksBuildPhase;
			buildActionMask = 2147483647;
			files = (
			);
			runOnlyForDeploymentPostprocessing = 0;
		};
/* End PBXFrameworksBuildPhase section */

/* Begin PBXGroup section */
		11A84315276E8FA90008E099 = {
			isa = PBXGroup;
			children = (
				11A84320276E8FA90008E099 /* icried */,
				11B4C91F276FE2AC003C4AF5 /* icriedTest */,
				11A8431F276E8FA90008E099 /* Products */,
			);
			sourceTree = "<group>";
		};
		11A8431F276E8FA90008E099 /* Products */ = {
			isa = PBXGroup;
			children = (
				11A8431E276E8FA90008E099 /* icried */,
				11B4C91E276FE2AC003C4AF5 /* icriedTest.xctest */,
			);
			name = Products;
			sourceTree = "<group>";
		};
		11A84320276E8FA90008E099 /* icried */ = {
			isa = PBXGroup;
			children = (
				11A84321276E8FA90008E099 /* main.swift */,
				11A84329276E8FBA0008E099 /* UIntx.swift */,
				1166FB92276FA72B009B8266 /* UIntxUtils.h */,
				1166FB93276FA72B009B8266 /* UIntxUtils.c */,
				1166FB91276FA72A009B8266 /* icried-Bridging-Header.h */,
			);
			path = icried;
			sourceTree = "<group>";
		};
		11B4C91F276FE2AC003C4AF5 /* icriedTest */ = {
			isa = PBXGroup;
			children = (
				11B4C920276FE2AC003C4AF5 /* UIntxTest.swift */,
			);
			path = icriedTest;
			sourceTree = "<group>";
		};
/* End PBXGroup section */

/* Begin PBXNativeTarget section */
		11A8431D276E8FA90008E099 /* icried */ = {
			isa = PBXNativeTarget;
			buildConfigurationList = 11A84325276E8FA90008E099 /* Build configuration list for PBXNativeTarget "icried" */;
			buildPhases = (
				11A8431A276E8FA90008E099 /* Sources */,
				11A8431B276E8FA90008E099 /* Frameworks */,
				11A8431C276E8FA90008E099 /* CopyFiles */,
			);
			buildRules = (
			);
			dependencies = (
			);
			name = icried;
			productName = icried;
			productReference = 11A8431E276E8FA90008E099 /* icried */;
			productType = "com.apple.product-type.tool";
		};
		11B4C91D276FE2AC003C4AF5 /* icriedTest */ = {
			isa = PBXNativeTarget;
			buildConfigurationList = 11B4C922276FE2AC003C4AF5 /* Build configuration list for PBXNativeTarget "icriedTest" */;
			buildPhases = (
				11B4C91A276FE2AC003C4AF5 /* Sources */,
				11B4C91B276FE2AC003C4AF5 /* Frameworks */,
				11B4C91C276FE2AC003C4AF5 /* Resources */,
			);
			buildRules = (
			);
			dependencies = (
			);
			name = icriedTest;
			productName = icriedTest;
			productReference = 11B4C91E276FE2AC003C4AF5 /* icriedTest.xctest */;
			productType = "com.apple.product-type.bundle.unit-test";
		};
/* End PBXNativeTarget section */

/* Begin PBXProject section */
		11A84316276E8FA90008E099 /* Project object */ = {
			isa = PBXProject;
			attributes = {
				LastSwiftUpdateCheck = 1320;
				LastUpgradeCheck = 1320;
				TargetAttributes = {
					11A8431D276E8FA90008E099 = {
						CreatedOnToolsVersion = 12.4;
						LastSwiftMigration = 1240;
					};
					11B4C91D276FE2AC003C4AF5 = {
						CreatedOnToolsVersion = 13.2.1;
					};
				};
			};
			buildConfigurationList = 11A84319276E8FA90008E099 /* Build configuration list for PBXProject "icried" */;
			compatibilityVersion = "Xcode 9.3";
			developmentRegion = en;
			hasScannedForEncodings = 0;
			knownRegions = (
				en,
				Base,
			);
			mainGroup = 11A84315276E8FA90008E099;
			productRefGroup = 11A8431F276E8FA90008E099 /* Products */;
			projectDirPath = "";
			projectRoot = "";
			targets = (
				11A8431D276E8FA90008E099 /* icried */,
				11B4C91D276FE2AC003C4AF5 /* icriedTest */,
			);
		};
/* End PBXProject section */

/* Begin PBXResourcesBuildPhase section */
		11B4C91C276FE2AC003C4AF5 /* Resources */ = {
			isa = PBXResourcesBuildPhase;
			buildActionMask = 2147483647;
			files = (
			);
			runOnlyForDeploymentPostprocessing = 0;
		};
/* End PBXResourcesBuildPhase section */

/* Begin PBXSourcesBuildPhase section */
		11A8431A276E8FA90008E099 /* Sources */ = {
			isa = PBXSourcesBuildPhase;
			buildActionMask = 2147483647;
			files = (
				11A8432A276E8FBA0008E099 /* UIntx.swift in Sources */,
				1166FB94276FA72B009B8266 /* UIntxUtils.c in Sources */,
				11A84322276E8FA90008E099 /* main.swift in Sources */,
			);
			runOnlyForDeploymentPostprocessing = 0;
		};
		11B4C91A276FE2AC003C4AF5 /* Sources */ = {
			isa = PBXSourcesBuildPhase;
			buildActionMask = 2147483647;
			files = (
				11B4C928276FE780003C4AF5 /* UIntxUtils.c in Sources */,
				11B4C925276FE73E003C4AF5 /* UIntx.swift in Sources */,
				11B4C921276FE2AC003C4AF5 /* UIntxTest.swift in Sources */,
			);
			runOnlyForDeploymentPostprocessing = 0;
		};
/* End PBXSourcesBuildPhase section */

/* Begin XCBuildConfiguration section */
		11A84323276E8FA90008E099 /* Debug */ = {
			isa = XCBuildConfiguration;
			buildSettings = {
				ALWAYS_SEARCH_USER_PATHS = NO;
				CLANG_ANALYZER_NONNULL = YES;
				CLANG_ANALYZER_NUMBER_OBJECT_CONVERSION = YES_AGGRESSIVE;
				CLANG_CXX_LANGUAGE_STANDARD = "gnu++14";
				CLANG_CXX_LIBRARY = "libc++";
				CLANG_ENABLE_MODULES = YES;
				CLANG_ENABLE_OBJC_ARC = YES;
				CLANG_ENABLE_OBJC_WEAK = YES;
				CLANG_WARN_BLOCK_CAPTURE_AUTORELEASING = YES;
				CLANG_WARN_BOOL_CONVERSION = YES;
				CLANG_WARN_COMMA = YES;
				CLANG_WARN_CONSTANT_CONVERSION = YES;
				CLANG_WARN_DEPRECATED_OBJC_IMPLEMENTATIONS = YES;
				CLANG_WARN_DIRECT_OBJC_ISA_USAGE = YES_ERROR;
				CLANG_WARN_DOCUMENTATION_COMMENTS = YES;
				CLANG_WARN_EMPTY_BODY = YES;
				CLANG_WARN_ENUM_CONVERSION = YES;
				CLANG_WARN_INFINITE_RECURSION = YES;
				CLANG_WARN_INT_CONVERSION = YES;
				CLANG_WARN_NON_LITERAL_NULL_CONVERSION = YES;
				CLANG_WARN_OBJC_IMPLICIT_RETAIN_SELF = YES;
				CLANG_WARN_OBJC_LITERAL_CONVERSION = YES;
				CLANG_WARN_OBJC_ROOT_CLASS = YES_ERROR;
				CLANG_WARN_QUOTED_INCLUDE_IN_FRAMEWORK_HEADER = YES;
				CLANG_WARN_RANGE_LOOP_ANALYSIS = YES;
				CLANG_WARN_STRICT_PROTOTYPES = YES;
				CLANG_WARN_SUSPICIOUS_MOVE = YES;
				CLANG_WARN_UNGUARDED_AVAILABILITY = YES_AGGRESSIVE;
				CLANG_WARN_UNREACHABLE_CODE = YES;
				CLANG_WARN__DUPLICATE_METHOD_MATCH = YES;
				COPY_PHASE_STRIP = NO;
				DEBUG_INFORMATION_FORMAT = dwarf;
				ENABLE_STRICT_OBJC_MSGSEND = YES;
				ENABLE_TESTABILITY = YES;
				GCC_C_LANGUAGE_STANDARD = gnu11;
				GCC_DYNAMIC_NO_PIC = NO;
				GCC_NO_COMMON_BLOCKS = YES;
				GCC_OPTIMIZATION_LEVEL = 0;
				GCC_PREPROCESSOR_DEFINITIONS = (
					"DEBUG=1",
					"$(inherited)",
				);
				GCC_WARN_64_TO_32_BIT_CONVERSION = YES;
				GCC_WARN_ABOUT_RETURN_TYPE = YES_ERROR;
				GCC_WARN_UNDECLARED_SELECTOR = YES;
				GCC_WARN_UNINITIALIZED_AUTOS = YES_AGGRESSIVE;
				GCC_WARN_UNUSED_FUNCTION = YES;
				GCC_WARN_UNUSED_VARIABLE = YES;
				MACOSX_DEPLOYMENT_TARGET = 11.1;
				MTL_ENABLE_DEBUG_INFO = INCLUDE_SOURCE;
				MTL_FAST_MATH = YES;
				ONLY_ACTIVE_ARCH = YES;
				SDKROOT = macosx;
				SWIFT_ACTIVE_COMPILATION_CONDITIONS = DEBUG;
				SWIFT_OPTIMIZATION_LEVEL = "-Onone";
			};
			name = Debug;
		};
		11A84324276E8FA90008E099 /* Release */ = {
			isa = XCBuildConfiguration;
			buildSettings = {
				ALWAYS_SEARCH_USER_PATHS = NO;
				CLANG_ANALYZER_NONNULL = YES;
				CLANG_ANALYZER_NUMBER_OBJECT_CONVERSION = YES_AGGRESSIVE;
				CLANG_CXX_LANGUAGE_STANDARD = "gnu++14";
				CLANG_CXX_LIBRARY = "libc++";
				CLANG_ENABLE_MODULES = YES;
				CLANG_ENABLE_OBJC_ARC = YES;
				CLANG_ENABLE_OBJC_WEAK = YES;
				CLANG_WARN_BLOCK_CAPTURE_AUTORELEASING = YES;
				CLANG_WARN_BOOL_CONVERSION = YES;
				CLANG_WARN_COMMA = YES;
				CLANG_WARN_CONSTANT_CONVERSION = YES;
				CLANG_WARN_DEPRECATED_OBJC_IMPLEMENTATIONS = YES;
				CLANG_WARN_DIRECT_OBJC_ISA_USAGE = YES_ERROR;
				CLANG_WARN_DOCUMENTATION_COMMENTS = YES;
				CLANG_WARN_EMPTY_BODY = YES;
				CLANG_WARN_ENUM_CONVERSION = YES;
				CLANG_WARN_INFINITE_RECURSION = YES;
				CLANG_WARN_INT_CONVERSION = YES;
				CLANG_WARN_NON_LITERAL_NULL_CONVERSION = YES;
				CLANG_WARN_OBJC_IMPLICIT_RETAIN_SELF = YES;
				CLANG_WARN_OBJC_LITERAL_CONVERSION = YES;
				CLANG_WARN_OBJC_ROOT_CLASS = YES_ERROR;
				CLANG_WARN_QUOTED_INCLUDE_IN_FRAMEWORK_HEADER = YES;
				CLANG_WARN_RANGE_LOOP_ANALYSIS = YES;
				CLANG_WARN_STRICT_PROTOTYPES = YES;
				CLANG_WARN_SUSPICIOUS_MOVE = YES;
				CLANG_WARN_UNGUARDED_AVAILABILITY = YES_AGGRESSIVE;
				CLANG_WARN_UNREACHABLE_CODE = YES;
				CLANG_WARN__DUPLICATE_METHOD_MATCH = YES;
				COPY_PHASE_STRIP = NO;
				DEBUG_INFORMATION_FORMAT = "dwarf-with-dsym";
				ENABLE_NS_ASSERTIONS = NO;
				ENABLE_STRICT_OBJC_MSGSEND = YES;
				GCC_C_LANGUAGE_STANDARD = gnu11;
				GCC_NO_COMMON_BLOCKS = YES;
				GCC_WARN_64_TO_32_BIT_CONVERSION = YES;
				GCC_WARN_ABOUT_RETURN_TYPE = YES_ERROR;
				GCC_WARN_UNDECLARED_SELECTOR = YES;
				GCC_WARN_UNINITIALIZED_AUTOS = YES_AGGRESSIVE;
				GCC_WARN_UNUSED_FUNCTION = YES;
				GCC_WARN_UNUSED_VARIABLE = YES;
				MACOSX_DEPLOYMENT_TARGET = 11.1;
				MTL_ENABLE_DEBUG_INFO = NO;
				MTL_FAST_MATH = YES;
				SDKROOT = macosx;
				SWIFT_COMPILATION_MODE = wholemodule;
				SWIFT_OPTIMIZATION_LEVEL = "-O";
			};
			name = Release;
		};
		11A84326276E8FA90008E099 /* Debug */ = {
			isa = XCBuildConfiguration;
			buildSettings = {
				CLANG_ENABLE_MODULES = YES;
				CODE_SIGN_IDENTITY = "-";
				CODE_SIGN_STYLE = Automatic;
				DEVELOPMENT_TEAM = "";
				ENABLE_HARDENED_RUNTIME = YES;
				LD_RUNPATH_SEARCH_PATHS = (
					"$(inherited)",
					"@executable_path/../Frameworks",
					"@loader_path/../Frameworks",
				);
				PRODUCT_NAME = "$(TARGET_NAME)";
				SWIFT_OBJC_BRIDGING_HEADER = "icried/icried-Bridging-Header.h";
				SWIFT_OPTIMIZATION_LEVEL = "-Onone";
				SWIFT_VERSION = 5.0;
			};
			name = Debug;
		};
		11A84327276E8FA90008E099 /* Release */ = {
			isa = XCBuildConfiguration;
			buildSettings = {
				CLANG_ENABLE_MODULES = YES;
				CODE_SIGN_IDENTITY = "-";
				CODE_SIGN_STYLE = Automatic;
				DEVELOPMENT_TEAM = "";
				ENABLE_HARDENED_RUNTIME = YES;
				LD_RUNPATH_SEARCH_PATHS = (
					"$(inherited)",
					"@executable_path/../Frameworks",
					"@loader_path/../Frameworks",
				);
				PRODUCT_NAME = "$(TARGET_NAME)";
				SWIFT_OBJC_BRIDGING_HEADER = "icried/icried-Bridging-Header.h";
				SWIFT_VERSION = 5.0;
			};
			name = Release;
		};
		11B4C923276FE2AC003C4AF5 /* Debug */ = {
			isa = XCBuildConfiguration;
			buildSettings = {
				CLANG_CXX_LANGUAGE_STANDARD = "gnu++17";
				CODE_SIGN_STYLE = Automatic;
				CURRENT_PROJECT_VERSION = 1;
				DEVELOPMENT_TEAM = 5G72LZKFCH;
				GENERATE_INFOPLIST_FILE = YES;
				MACOSX_DEPLOYMENT_TARGET = 11.4;
				MARKETING_VERSION = 1.0;
				PRODUCT_BUNDLE_IDENTIFIER = nk.icriedTest;
				PRODUCT_NAME = "$(TARGET_NAME)";
				SWIFT_EMIT_LOC_STRINGS = NO;
				SWIFT_OBJC_BRIDGING_HEADER = "icried/icried-Bridging-Header.h";
				SWIFT_VERSION = 5.0;
			};
			name = Debug;
		};
		11B4C924276FE2AC003C4AF5 /* Release */ = {
			isa = XCBuildConfiguration;
			buildSettings = {
				CLANG_CXX_LANGUAGE_STANDARD = "gnu++17";
				CODE_SIGN_STYLE = Automatic;
				CURRENT_PROJECT_VERSION = 1;
				DEVELOPMENT_TEAM = 5G72LZKFCH;
				GENERATE_INFOPLIST_FILE = YES;
				MACOSX_DEPLOYMENT_TARGET = 11.4;
				MARKETING_VERSION = 1.0;
				PRODUCT_BUNDLE_IDENTIFIER = nk.icriedTest;
				PRODUCT_NAME = "$(TARGET_NAME)";
				SWIFT_EMIT_LOC_STRINGS = NO;
				SWIFT_OBJC_BRIDGING_HEADER = "icried/icried-Bridging-Header.h";
				SWIFT_VERSION = 5.0;
			};
			name = Release;
		};
/* End XCBuildConfiguration section */

/* Begin XCConfigurationList section */
		11A84319276E8FA90008E099 /* Build configuration list for PBXProject "icried" */ = {
			isa = XCConfigurationList;
			buildConfigurations = (
				11A84323276E8FA90008E099 /* Debug */,
				11A84324276E8FA90008E099 /* Release */,
			);
			defaultConfigurationIsVisible = 0;
			defaultConfigurationName = Release;
		};
		11A84325276E8FA90008E099 /* Build configuration list for PBXNativeTarget "icried" */ = {
			isa = XCConfigurationList;
			buildConfigurations = (
				11A84326276E8FA90008E099 /* Debug */,
				11A84327276E8FA90008E099 /* Release */,
			);
			defaultConfigurationIsVisible = 0;
			defaultConfigurationName = Release;
		};
		11B4C922276FE2AC003C4AF5 /* Build configuration list for PBXNativeTarget "icriedTest" */ = {
			isa = XCConfigurationList;
			buildConfigurations = (
				11B4C923276FE2AC003C4AF5 /* Debug */,
				11B4C924276FE2AC003C4AF5 /* Release */,
			);
			defaultConfigurationIsVisible = 0;
			defaultConfigurationName = Release;
		};
/* End XCConfigurationList section */
	};
	rootObject = 11A84316276E8FA90008E099 /* Project object */;
}
